// !$*UTF8*$!
{
	archiveVersion = 1;
	classes = {
	};
	objectVersion = 46;
	objects = {

/* Begin PBXAggregateTarget section */
		EA414F411B61604000331FF4 /* AutomaticBuildManyArchitectures */ = {
			isa = PBXAggregateTarget;
			buildConfigurationList = EA414F441B61604100331FF4 /* Build configuration list for PBXAggregateTarget "AutomaticBuildManyArchitectures" */;
			buildPhases = (
				EA414F451B61604800331FF4 /* ShellScript */,
				EA414F461B61678800331FF4 /* CopyFiles */,
			);
			dependencies = (
			);
			name = AutomaticBuildManyArchitectures;
			productName = AutomaticBuildManyArchitectures;
		};
/* End PBXAggregateTarget section */

/* Begin PBXBuildFile section */
		C44F50340F2A94340DF7E7C4 /* libPods-privateStaticLibraryDemo.a in Frameworks */ = {isa = PBXBuildFile; fileRef = 45737162AF0CF5E3D5292C75 /* libPods-privateStaticLibraryDemo.a */; };
		EA00329A1B5E84D30011D899 /* privateStaticLibraryDemo.h in CopyFiles */ = {isa = PBXBuildFile; fileRef = EA0032991B5E84D30011D899 /* privateStaticLibraryDemo.h */; };
		EA00329C1B5E84D30011D899 /* privateStaticLibraryDemo.m in Sources */ = {isa = PBXBuildFile; fileRef = EA00329B1B5E84D30011D899 /* privateStaticLibraryDemo.m */; };
		EA0032A21B5E84D30011D899 /* libprivateStaticLibraryDemo.a in Frameworks */ = {isa = PBXBuildFile; fileRef = EA0032961B5E84D30011D899 /* libprivateStaticLibraryDemo.a */; };
		EA0A147A1B6017FA008CC0C5 /* testGetGithubReposForUser.m in Sources */ = {isa = PBXBuildFile; fileRef = EA0A14791B6017FA008CC0C5 /* testGetGithubReposForUser.m */; };
		EA414F471B6167A100331FF4 /* privateStaticLibraryDemo.h in CopyFiles */ = {isa = PBXBuildFile; fileRef = EA0032991B5E84D30011D899 /* privateStaticLibraryDemo.h */; };
/* End PBXBuildFile section */

/* Begin PBXContainerItemProxy section */
		EA0032A31B5E84D30011D899 /* PBXContainerItemProxy */ = {
			isa = PBXContainerItemProxy;
			containerPortal = EA00328E1B5E84D30011D899 /* Project object */;
			proxyType = 1;
			remoteGlobalIDString = EA0032951B5E84D30011D899;
			remoteInfo = privateStaticLibraryDemo;
		};
/* End PBXContainerItemProxy section */

/* Begin PBXCopyFilesBuildPhase section */
		EA0032941B5E84D30011D899 /* CopyFiles */ = {
			isa = PBXCopyFilesBuildPhase;
			buildActionMask = 2147483647;
			dstPath = "include/$(PRODUCT_NAME)";
			dstSubfolderSpec = 16;
			files = (
				EA00329A1B5E84D30011D899 /* privateStaticLibraryDemo.h in CopyFiles */,
			);
			runOnlyForDeploymentPostprocessing = 0;
		};
		EA414F461B61678800331FF4 /* CopyFiles */ = {
			isa = PBXCopyFilesBuildPhase;
			buildActionMask = 2147483647;
			dstPath = "${TARGET_BUILD_DIR}/../privateStaticLibraryDemoLib";
			dstSubfolderSpec = 0;
			files = (
				EA414F471B6167A100331FF4 /* privateStaticLibraryDemo.h in CopyFiles */,
			);
			runOnlyForDeploymentPostprocessing = 0;
		};
/* End PBXCopyFilesBuildPhase section */

/* Begin PBXFileReference section */
		32220051D7EC4E00CA289326 /* Pods-privateStaticLibraryDemo.release.xcconfig */ = {isa = PBXFileReference; includeInIndex = 1; lastKnownFileType = text.xcconfig; name = "Pods-privateStaticLibraryDemo.release.xcconfig"; path = "Pods/Target Support Files/Pods-privateStaticLibraryDemo/Pods-privateStaticLibraryDemo.release.xcconfig"; sourceTree = "<group>"; };
		45737162AF0CF5E3D5292C75 /* libPods-privateStaticLibraryDemo.a */ = {isa = PBXFileReference; explicitFileType = archive.ar; includeInIndex = 0; path = "libPods-privateStaticLibraryDemo.a"; sourceTree = BUILT_PRODUCTS_DIR; };
		EA0032961B5E84D30011D899 /* libprivateStaticLibraryDemo.a */ = {isa = PBXFileReference; explicitFileType = archive.ar; includeInIndex = 0; path = libprivateStaticLibraryDemo.a; sourceTree = BUILT_PRODUCTS_DIR; };
		EA0032991B5E84D30011D899 /* privateStaticLibraryDemo.h */ = {isa = PBXFileReference; lastKnownFileType = sourcecode.c.h; path = privateStaticLibraryDemo.h; sourceTree = "<group>"; };
		EA00329B1B5E84D30011D899 /* privateStaticLibraryDemo.m */ = {isa = PBXFileReference; lastKnownFileType = sourcecode.c.objc; path = privateStaticLibraryDemo.m; sourceTree = "<group>"; };
		EA0032A11B5E84D30011D899 /* privateStaticLibraryDemoTests.xctest */ = {isa = PBXFileReference; explicitFileType = wrapper.cfbundle; includeInIndex = 0; path = privateStaticLibraryDemoTests.xctest; sourceTree = BUILT_PRODUCTS_DIR; };
		EA0032A71B5E84D30011D899 /* Info.plist */ = {isa = PBXFileReference; lastKnownFileType = text.plist.xml; path = Info.plist; sourceTree = "<group>"; };
		EA0A14791B6017FA008CC0C5 /* testGetGithubReposForUser.m */ = {isa = PBXFileReference; fileEncoding = 4; lastKnownFileType = sourcecode.c.objc; path = testGetGithubReposForUser.m; sourceTree = "<group>"; };
		F8FA0A675D4D32EFA95BB3EF /* Pods-privateStaticLibraryDemo.debug.xcconfig */ = {isa = PBXFileReference; includeInIndex = 1; lastKnownFileType = text.xcconfig; name = "Pods-privateStaticLibraryDemo.debug.xcconfig"; path = "Pods/Target Support Files/Pods-privateStaticLibraryDemo/Pods-privateStaticLibraryDemo.debug.xcconfig"; sourceTree = "<group>"; };
/* End PBXFileReference section */

/* Begin PBXFrameworksBuildPhase section */
		EA0032931B5E84D30011D899 /* Frameworks */ = {
			isa = PBXFrameworksBuildPhase;
			buildActionMask = 2147483647;
			files = (
				C44F50340F2A94340DF7E7C4 /* libPods-privateStaticLibraryDemo.a in Frameworks */,
			);
			runOnlyForDeploymentPostprocessing = 0;
		};
		EA00329E1B5E84D30011D899 /* Frameworks */ = {
			isa = PBXFrameworksBuildPhase;
			buildActionMask = 2147483647;
			files = (
				EA0032A21B5E84D30011D899 /* libprivateStaticLibraryDemo.a in Frameworks */,
			);
			runOnlyForDeploymentPostprocessing = 0;
		};
/* End PBXFrameworksBuildPhase section */

/* Begin PBXGroup section */
		532A029B48AD5CED7A0BE98A /* Pods */ = {
			isa = PBXGroup;
			children = (
				F8FA0A675D4D32EFA95BB3EF /* Pods-privateStaticLibraryDemo.debug.xcconfig */,
				32220051D7EC4E00CA289326 /* Pods-privateStaticLibraryDemo.release.xcconfig */,
			);
			name = Pods;
			sourceTree = "<group>";
		};
		A2C0B3D4996BC9C8459443B7 /* Frameworks */ = {
			isa = PBXGroup;
			children = (
				45737162AF0CF5E3D5292C75 /* libPods-privateStaticLibraryDemo.a */,
			);
			name = Frameworks;
			sourceTree = "<group>";
		};
		EA00328D1B5E84D30011D899 = {
			isa = PBXGroup;
			children = (
				EA0032981B5E84D30011D899 /* privateStaticLibraryDemo */,
				EA0032A51B5E84D30011D899 /* privateStaticLibraryDemoTests */,
				EA0032971B5E84D30011D899 /* Products */,
				532A029B48AD5CED7A0BE98A /* Pods */,
				A2C0B3D4996BC9C8459443B7 /* Frameworks */,
			);
			sourceTree = "<group>";
		};
		EA0032971B5E84D30011D899 /* Products */ = {
			isa = PBXGroup;
			children = (
				EA0032961B5E84D30011D899 /* libprivateStaticLibraryDemo.a */,
				EA0032A11B5E84D30011D899 /* privateStaticLibraryDemoTests.xctest */,
			);
			name = Products;
			sourceTree = "<group>";
		};
		EA0032981B5E84D30011D899 /* privateStaticLibraryDemo */ = {
			isa = PBXGroup;
			children = (
				EA0032991B5E84D30011D899 /* privateStaticLibraryDemo.h */,
				EA00329B1B5E84D30011D899 /* privateStaticLibraryDemo.m */,
			);
			path = privateStaticLibraryDemo;
			sourceTree = "<group>";
		};
		EA0032A51B5E84D30011D899 /* privateStaticLibraryDemoTests */ = {
			isa = PBXGroup;
			children = (
				EA0A14781B6016BE008CC0C5 /* Tests */,
				EA0032A61B5E84D30011D899 /* Supporting Files */,
			);
			path = privateStaticLibraryDemoTests;
			sourceTree = "<group>";
		};
		EA0032A61B5E84D30011D899 /* Supporting Files */ = {
			isa = PBXGroup;
			children = (
				EA0032A71B5E84D30011D899 /* Info.plist */,
			);
			name = "Supporting Files";
			sourceTree = "<group>";
		};
		EA0A14781B6016BE008CC0C5 /* Tests */ = {
			isa = PBXGroup;
			children = (
				EA0A14791B6017FA008CC0C5 /* testGetGithubReposForUser.m */,
			);
			path = Tests;
			sourceTree = "<group>";
		};
/* End PBXGroup section */

/* Begin PBXNativeTarget section */
		EA0032951B5E84D30011D899 /* privateStaticLibraryDemo */ = {
			isa = PBXNativeTarget;
			buildConfigurationList = EA0032AA1B5E84D30011D899 /* Build configuration list for PBXNativeTarget "privateStaticLibraryDemo" */;
			buildPhases = (
				75DB5B27378083F28E6C7122 /* Check Pods Manifest.lock */,
				EA0032921B5E84D30011D899 /* Sources */,
				EA0032931B5E84D30011D899 /* Frameworks */,
				EA0032941B5E84D30011D899 /* CopyFiles */,
				328195AEE855B8056425952C /* Copy Pods Resources */,
			);
			buildRules = (
			);
			dependencies = (
			);
			name = privateStaticLibraryDemo;
			productName = privateStaticLibraryDemo;
			productReference = EA0032961B5E84D30011D899 /* libprivateStaticLibraryDemo.a */;
			productType = "com.apple.product-type.library.static";
		};
		EA0032A01B5E84D30011D899 /* privateStaticLibraryDemoTests */ = {
			isa = PBXNativeTarget;
			buildConfigurationList = EA0032AD1B5E84D30011D899 /* Build configuration list for PBXNativeTarget "privateStaticLibraryDemoTests" */;
			buildPhases = (
				EA00329D1B5E84D30011D899 /* Sources */,
				EA00329E1B5E84D30011D899 /* Frameworks */,
				EA00329F1B5E84D30011D899 /* Resources */,
			);
			buildRules = (
			);
			dependencies = (
				EA0032A41B5E84D30011D899 /* PBXTargetDependency */,
			);
			name = privateStaticLibraryDemoTests;
			productName = privateStaticLibraryDemoTests;
			productReference = EA0032A11B5E84D30011D899 /* privateStaticLibraryDemoTests.xctest */;
			productType = "com.apple.product-type.bundle.unit-test";
		};
/* End PBXNativeTarget section */

/* Begin PBXProject section */
		EA00328E1B5E84D30011D899 /* Project object */ = {
			isa = PBXProject;
			attributes = {
				LastUpgradeCheck = 0630;
				ORGANIZATIONNAME = Globant;
				TargetAttributes = {
					EA0032951B5E84D30011D899 = {
						CreatedOnToolsVersion = 6.3.2;
					};
					EA0032A01B5E84D30011D899 = {
						CreatedOnToolsVersion = 6.3.2;
					};
					EA414F411B61604000331FF4 = {
						CreatedOnToolsVersion = 6.3.2;
					};
				};
			};
			buildConfigurationList = EA0032911B5E84D30011D899 /* Build configuration list for PBXProject "privateStaticLibraryDemo" */;
			compatibilityVersion = "Xcode 3.2";
			developmentRegion = English;
			hasScannedForEncodings = 0;
			knownRegions = (
				en,
			);
			mainGroup = EA00328D1B5E84D30011D899;
			productRefGroup = EA0032971B5E84D30011D899 /* Products */;
			projectDirPath = "";
			projectRoot = "";
			targets = (
				EA0032951B5E84D30011D899 /* privateStaticLibraryDemo */,
				EA0032A01B5E84D30011D899 /* privateStaticLibraryDemoTests */,
				EA414F411B61604000331FF4 /* AutomaticBuildManyArchitectures */,
			);
		};
/* End PBXProject section */

/* Begin PBXResourcesBuildPhase section */
		EA00329F1B5E84D30011D899 /* Resources */ = {
			isa = PBXResourcesBuildPhase;
			buildActionMask = 2147483647;
			files = (
			);
			runOnlyForDeploymentPostprocessing = 0;
		};
/* End PBXResourcesBuildPhase section */

/* Begin PBXShellScriptBuildPhase section */
		328195AEE855B8056425952C /* Copy Pods Resources */ = {
			isa = PBXShellScriptBuildPhase;
			buildActionMask = 2147483647;
			files = (
			);
			inputPaths = (
			);
			name = "Copy Pods Resources";
			outputPaths = (
			);
			runOnlyForDeploymentPostprocessing = 0;
			shellPath = /bin/sh;
			shellScript = "\"${SRCROOT}/Pods/Target Support Files/Pods-privateStaticLibraryDemo/Pods-privateStaticLibraryDemo-resources.sh\"\n";
			showEnvVarsInLog = 0;
		};
		75DB5B27378083F28E6C7122 /* Check Pods Manifest.lock */ = {
			isa = PBXShellScriptBuildPhase;
			buildActionMask = 2147483647;
			files = (
			);
			inputPaths = (
			);
			name = "Check Pods Manifest.lock";
			outputPaths = (
			);
			runOnlyForDeploymentPostprocessing = 0;
			shellPath = /bin/sh;
			shellScript = "diff \"${PODS_ROOT}/../Podfile.lock\" \"${PODS_ROOT}/Manifest.lock\" > /dev/null\nif [[ $? != 0 ]] ; then\n    cat << EOM\nerror: The sandbox is not in sync with the Podfile.lock. Run 'pod install' or update your CocoaPods installation.\nEOM\n    exit 1\nfi\n";
			showEnvVarsInLog = 0;
		};
		EA414F451B61604800331FF4 /* ShellScript */ = {
			isa = PBXShellScriptBuildPhase;
			buildActionMask = 2147483647;
			files = (
			);
			inputPaths = (
			);
			outputPaths = (
			);
			runOnlyForDeploymentPostprocessing = 0;
			shellPath = /bin/sh;
			shellScript = "xcodebuild -workspace privateStaticLibraryDemo.xcworkspace -scheme privateStaticLibraryDemo -sdk iphonesimulator -configuration Debug\nxcodebuild -workspace privateStaticLibraryDemo.xcworkspace -scheme privateStaticLibraryDemo -sdk iphoneos -configuration Debug\n\n# make a new output folder\nmkdir -p ${TARGET_BUILD_DIR}/../privateStaticLibraryDemoLib\n\n# combine lib files for various platforms into one\nlipo -create \"${TARGET_BUILD_DIR}/../Debug-iphoneos/libprivateStaticLibraryDemo.a\" \"${TARGET_BUILD_DIR}/../Debug-iphonesimulator/libprivateStaticLibraryDemo.a\" -output \"${TARGET_BUILD_DIR}/../privateStaticLibraryDemoLib/libprivateStaticLibraryDemo-debug-${CURRENT_PROJECT_VERSION}.a\"";
		};
/* End PBXShellScriptBuildPhase section */

/* Begin PBXSourcesBuildPhase section */
		EA0032921B5E84D30011D899 /* Sources */ = {
			isa = PBXSourcesBuildPhase;
			buildActionMask = 2147483647;
			files = (
				EA00329C1B5E84D30011D899 /* privateStaticLibraryDemo.m in Sources */,
			);
			runOnlyForDeploymentPostprocessing = 0;
		};
		EA00329D1B5E84D30011D899 /* Sources */ = {
			isa = PBXSourcesBuildPhase;
			buildActionMask = 2147483647;
			files = (
				EA0A147A1B6017FA008CC0C5 /* testGetGithubReposForUser.m in Sources */,
			);
			runOnlyForDeploymentPostprocessing = 0;
		};
/* End PBXSourcesBuildPhase section */

/* Begin PBXTargetDependency section */
		EA0032A41B5E84D30011D899 /* PBXTargetDependency */ = {
			isa = PBXTargetDependency;
			target = EA0032951B5E84D30011D899 /* privateStaticLibraryDemo */;
			targetProxy = EA0032A31B5E84D30011D899 /* PBXContainerItemProxy */;
		};
/* End PBXTargetDependency section */

/* Begin XCBuildConfiguration section */
		EA0032A81B5E84D30011D899 /* Debug */ = {
			isa = XCBuildConfiguration;
			buildSettings = {
				ALWAYS_SEARCH_USER_PATHS = NO;
				CLANG_CXX_LANGUAGE_STANDARD = "gnu++0x";
				CLANG_CXX_LIBRARY = "libc++";
				CLANG_ENABLE_MODULES = YES;
				CLANG_ENABLE_OBJC_ARC = YES;
				CLANG_WARN_BOOL_CONVERSION = YES;
				CLANG_WARN_CONSTANT_CONVERSION = YES;
				CLANG_WARN_DIRECT_OBJC_ISA_USAGE = YES_ERROR;
				CLANG_WARN_EMPTY_BODY = YES;
				CLANG_WARN_ENUM_CONVERSION = YES;
				CLANG_WARN_INT_CONVERSION = YES;
				CLANG_WARN_OBJC_ROOT_CLASS = YES_ERROR;
				CLANG_WARN_UNREACHABLE_CODE = YES;
				CLANG_WARN__DUPLICATE_METHOD_MATCH = YES;
				COPY_PHASE_STRIP = NO;
				DEBUG_INFORMATION_FORMAT = "dwarf-with-dsym";
				ENABLE_STRICT_OBJC_MSGSEND = YES;
				GCC_C_LANGUAGE_STANDARD = gnu99;
				GCC_DYNAMIC_NO_PIC = NO;
				GCC_NO_COMMON_BLOCKS = YES;
				GCC_OPTIMIZATION_LEVEL = 0;
				GCC_PREPROCESSOR_DEFINITIONS = (
					"DEBUG=1",
					"$(inherited)",
				);
				GCC_SYMBOLS_PRIVATE_EXTERN = NO;
				GCC_WARN_64_TO_32_BIT_CONVERSION = YES;
				GCC_WARN_ABOUT_RETURN_TYPE = YES_ERROR;
				GCC_WARN_UNDECLARED_SELECTOR = YES;
				GCC_WARN_UNINITIALIZED_AUTOS = YES_AGGRESSIVE;
				GCC_WARN_UNUSED_FUNCTION = YES;
				GCC_WARN_UNUSED_VARIABLE = YES;
				IPHONEOS_DEPLOYMENT_TARGET = 8.3;
				MTL_ENABLE_DEBUG_INFO = YES;
				ONLY_ACTIVE_ARCH = YES;
				SDKROOT = iphoneos;
			};
			name = Debug;
		};
		EA0032A91B5E84D30011D899 /* Release */ = {
			isa = XCBuildConfiguration;
			buildSettings = {
				ALWAYS_SEARCH_USER_PATHS = NO;
				CLANG_CXX_LANGUAGE_STANDARD = "gnu++0x";
				CLANG_CXX_LIBRARY = "libc++";
				CLANG_ENABLE_MODULES = YES;
				CLANG_ENABLE_OBJC_ARC = YES;
				CLANG_WARN_BOOL_CONVERSION = YES;
				CLANG_WARN_CONSTANT_CONVERSION = YES;
				CLANG_WARN_DIRECT_OBJC_ISA_USAGE = YES_ERROR;
				CLANG_WARN_EMPTY_BODY = YES;
				CLANG_WARN_ENUM_CONVERSION = YES;
				CLANG_WARN_INT_CONVERSION = YES;
				CLANG_WARN_OBJC_ROOT_CLASS = YES_ERROR;
				CLANG_WARN_UNREACHABLE_CODE = YES;
				CLANG_WARN__DUPLICATE_METHOD_MATCH = YES;
				COPY_PHASE_STRIP = NO;
				DEBUG_INFORMATION_FORMAT = "dwarf-with-dsym";
				ENABLE_NS_ASSERTIONS = NO;
				ENABLE_STRICT_OBJC_MSGSEND = YES;
				GCC_C_LANGUAGE_STANDARD = gnu99;
				GCC_NO_COMMON_BLOCKS = YES;
				GCC_WARN_64_TO_32_BIT_CONVERSION = YES;
				GCC_WARN_ABOUT_RETURN_TYPE = YES_ERROR;
				GCC_WARN_UNDECLARED_SELECTOR = YES;
				GCC_WARN_UNINITIALIZED_AUTOS = YES_AGGRESSIVE;
				GCC_WARN_UNUSED_FUNCTION = YES;
				GCC_WARN_UNUSED_VARIABLE = YES;
				IPHONEOS_DEPLOYMENT_TARGET = 8.3;
				MTL_ENABLE_DEBUG_INFO = NO;
				SDKROOT = iphoneos;
				VALIDATE_PRODUCT = YES;
			};
			name = Release;
		};
		EA0032AB1B5E84D30011D899 /* Debug */ = {
			isa = XCBuildConfiguration;
			baseConfigurationReference = F8FA0A675D4D32EFA95BB3EF /* Pods-privateStaticLibraryDemo.debug.xcconfig */;
			buildSettings = {
				OTHER_LDFLAGS = "-ObjC";
				PRODUCT_NAME = "$(TARGET_NAME)";
				SKIP_INSTALL = YES;
			};
			name = Debug;
		};
		EA0032AC1B5E84D30011D899 /* Release */ = {
			isa = XCBuildConfiguration;
			baseConfigurationReference = 32220051D7EC4E00CA289326 /* Pods-privateStaticLibraryDemo.release.xcconfig */;
			buildSettings = {
				OTHER_LDFLAGS = "-ObjC";
				PRODUCT_NAME = "$(TARGET_NAME)";
				SKIP_INSTALL = YES;
			};
			name = Release;
		};
		EA0032AE1B5E84D30011D899 /* Debug */ = {
			isa = XCBuildConfiguration;
			baseConfigurationReference = F8FA0A675D4D32EFA95BB3EF /* Pods-privateStaticLibraryDemo.debug.xcconfig */;
			buildSettings = {
				"CODE_SIGN_IDENTITY[sdk=iphoneos*]" = "iPhone Developer";
				FRAMEWORK_SEARCH_PATHS = (
					"$(SDKROOT)/Developer/Library/Frameworks",
					"$(inherited)",
				);
				GCC_PREPROCESSOR_DEFINITIONS = (
					"DEBUG=1",
					"$(inherited)",
				);
				INFOPLIST_FILE = privateStaticLibraryDemoTests/Info.plist;
				LD_RUNPATH_SEARCH_PATHS = "$(inherited) @executable_path/Frameworks @loader_path/Frameworks";
				PRODUCT_NAME = "$(TARGET_NAME)";
			};
			name = Debug;
		};
		EA0032AF1B5E84D30011D899 /* Release */ = {
			isa = XCBuildConfiguration;
			baseConfigurationReference = 32220051D7EC4E00CA289326 /* Pods-privateStaticLibraryDemo.release.xcconfig */;
			buildSettings = {
				"CODE_SIGN_IDENTITY[sdk=iphoneos*]" = "iPhone Developer";
				FRAMEWORK_SEARCH_PATHS = (
					"$(SDKROOT)/Developer/Library/Frameworks",
					"$(inherited)",
				);
				INFOPLIST_FILE = privateStaticLibraryDemoTests/Info.plist;
				LD_RUNPATH_SEARCH_PATHS = "$(inherited) @executable_path/Frameworks @loader_path/Frameworks";
				PRODUCT_NAME = "$(TARGET_NAME)";
			};
			name = Release;
		};
		EA414F421B61604100331FF4 /* Debug */ = {
			isa = XCBuildConfiguration;
			buildSettings = {
				CURRENT_PROJECT_VERSION = 0.1;
				PRODUCT_NAME = "$(TARGET_NAME)";
			};
			name = Debug;
		};
		EA414F431B61604100331FF4 /* Release */ = {
			isa = XCBuildConfiguration;
			buildSettings = {
				CURRENT_PROJECT_VERSION = 0.1;
				PRODUCT_NAME = "$(TARGET_NAME)";
			};
			name = Release;
		};
/* End XCBuildConfiguration section */

/* Begin XCConfigurationList section */
		EA0032911B5E84D30011D899 /* Build configuration list for PBXProject "privateStaticLibraryDemo" */ = {
			isa = XCConfigurationList;
			buildConfigurations = (
				EA0032A81B5E84D30011D899 /* Debug */,
				EA0032A91B5E84D30011D899 /* Release */,
			);
			defaultConfigurationIsVisible = 0;
			defaultConfigurationName = Release;
		};
		EA0032AA1B5E84D30011D899 /* Build configuration list for PBXNativeTarget "privateStaticLibraryDemo" */ = {
			isa = XCConfigurationList;
			buildConfigurations = (
				EA0032AB1B5E84D30011D899 /* Debug */,
				EA0032AC1B5E84D30011D899 /* Release */,
			);
			defaultConfigurationIsVisible = 0;
			defaultConfigurationName = Release;
		};
		EA0032AD1B5E84D30011D899 /* Build configuration list for PBXNativeTarget "privateStaticLibraryDemoTests" */ = {
			isa = XCConfigurationList;
			buildConfigurations = (
				EA0032AE1B5E84D30011D899 /* Debug */,
				EA0032AF1B5E84D30011D899 /* Release */,
			);
			defaultConfigurationIsVisible = 0;
			defaultConfigurationName = Release;
		};
		EA414F441B61604100331FF4 /* Build configuration list for PBXAggregateTarget "AutomaticBuildManyArchitectures" */ = {
			isa = XCConfigurationList;
			buildConfigurations = (
				EA414F421B61604100331FF4 /* Debug */,
				EA414F431B61604100331FF4 /* Release */,
			);
			defaultConfigurationIsVisible = 0;
			defaultConfigurationName = Release;
		};
/* End XCConfigurationList section */
	};
	rootObject = EA00328E1B5E84D30011D899 /* Project object */;
}
